
Microsoft Visual Studio Solution File, Format Version 12.00
# Visual Studio 15
VisualStudioVersion = 15.0.27130.2027
MinimumVisualStudioVersion = 10.0.40219.1
Project("{FAE04EC0-301F-11D3-BF4B-00C04F79EFBC}") = "MobileAssignment2", "MobileAssignment2\MobileAssignment2.csproj", "{D50878FC-BAC4-4D90-B51D-EB1DF3287290}"
EndProject
Global
	GlobalSection(SolutionConfigurationPlatforms) = preSolution
		Debug|Any CPU = Debug|Any CPU
		Release|Any CPU = Release|Any CPU
	EndGlobalSection
	GlobalSection(ProjectConfigurationPlatforms) = postSolution
		{D50878FC-BAC4-4D90-B51D-EB1DF3287290}.Debug|Any CPU.ActiveCfg = Debug|Any CPU
		{D50878FC-BAC4-4D90-B51D-EB1DF3287290}.Debug|Any CPU.Build.0 = Debug|Any CPU
		{D50878FC-BAC4-4D90-B51D-EB1DF3287290}.Debug|Any CPU.Deploy.0 = Debug|Any CPU
		{D50878FC-BAC4-4D90-B51D-EB1DF3287290}.Release|Any CPU.ActiveCfg = Release|Any CPU
		{D50878FC-BAC4-4D90-B51D-EB1DF3287290}.Release|Any CPU.Build.0 = Release|Any CPU
		{D50878FC-BAC4-4D90-B51D-EB1DF3287290}.Release|Any CPU.Deploy.0 = Release|Any CPU
	EndGlobalSection
	GlobalSection(SolutionProperties) = preSolution
		HideSolutionNode = FALSE
	EndGlobalSection
	GlobalSection(ExtensibilityGlobals) = postSolution
		SolutionGuid = {97B7BA28-189C-4762-983D-E82D2BFC4FFD}
	EndGlobalSection
EndGlobal
